
Microsoft Visual Studio Solution File, Format Version 12.00
# Visual Studio Version 17
VisualStudioVersion = 17.4.33205.214
MinimumVisualStudioVersion = 10.0.40219.1
Project("{FAE04EC0-301F-11D3-BF4B-00C04F79EFBC}") = "QuanLyTiemQuanAo", "QuanLyTiemQuanAo\QuanLyTiemQuanAo.csproj", "{786F1879-980A-4F41-BA11-20DA880ABB43}"
EndProject
Global
	GlobalSection(SolutionConfigurationPlatforms) = preSolution
		Debug|Any CPU = Debug|Any CPU
		Release|Any CPU = Release|Any CPU
	EndGlobalSection
	GlobalSection(ProjectConfigurationPlatforms) = postSolution
		{786F1879-980A-4F41-BA11-20DA880ABB43}.Debug|Any CPU.ActiveCfg = Debug|Any CPU
		{786F1879-980A-4F41-BA11-20DA880ABB43}.Debug|Any CPU.Build.0 = Debug|Any CPU
		{786F1879-980A-4F41-BA11-20DA880ABB43}.Release|Any CPU.ActiveCfg = Release|Any CPU
		{786F1879-980A-4F41-BA11-20DA880ABB43}.Release|Any CPU.Build.0 = Release|Any CPU
	EndGlobalSection
	GlobalSection(SolutionProperties) = preSolution
		HideSolutionNode = FALSE
	EndGlobalSection
	GlobalSection(ExtensibilityGlobals) = postSolution
		SolutionGuid = {1402FE2A-5411-4E28-BC9E-9A95D2336CB5}
	EndGlobalSection
EndGlobal
